
Microsoft Visual Studio Solution File, Format Version 12.00
# Visual Studio Version 17
VisualStudioVersion = 17.14.36511.14
MinimumVisualStudioVersion = 10.0.40219.1
Project("{2150E333-8FDC-42A3-9474-1A3956D46DE8}") = "Task0", "Task0", "{36D591C7-65C7-A0D1-1CBC-10CDE441BDC8}"
EndProject
Project("{FAE04EC0-301F-11D3-BF4B-00C04F79EFBC}") = "Tyuiu.DolgovIV.Sprint3.Task0.V4.Lib", "Tyuiu.DolgovIV.Sprint3.Task0.V4.Lib\Tyuiu.DolgovIV.Sprint3.Task0.V4.Lib.csproj", "{622B3AEF-4524-4F16-8AF0-DD61C0A4A4D2}"
EndProject
Project("{FAE04EC0-301F-11D3-BF4B-00C04F79EFBC}") = "Tyuiu.DolgovIV.Sprint3.Task0.V4.Test", "Tyuiu.DolgovIV.Sprint3.Task0.V4.Test\Tyuiu.DolgovIV.Sprint3.Task0.V4.Test.csproj", "{9D51BEE6-AE67-4A9E-82C0-42024DDA5B02}"
EndProject
Project("{FAE04EC0-301F-11D3-BF4B-00C04F79EFBC}") = "Tyuiu.DolgovIV.Sprint3.Task0.V4", "Tyuiu.DolgovIV.Sprint3.Task0.V4\Tyuiu.DolgovIV.Sprint3.Task0.V4.csproj", "{3244DB87-9FCE-45C7-85BF-AAD31F8190B7}"
EndProject
Project("{2150E333-8FDC-42A3-9474-1A3956D46DE8}") = "Task1", "Task1", "{B9A44F7B-C6F6-49C9-A9EF-6D1D3611D417}"
EndProject
Project("{FAE04EC0-301F-11D3-BF4B-00C04F79EFBC}") = "Tyuiu.DolgovIV.Sprint3.Task1.V6", "Tyuiu.DolgovIV.Sprint3.Task1.V6\Tyuiu.DolgovIV.Sprint3.Task1.V6.csproj", "{331C65FA-6568-430F-BEB7-17E2E7916498}"
EndProject
Project("{FAE04EC0-301F-11D3-BF4B-00C04F79EFBC}") = "Tyuiu.DolgovIV.Sprint3.Task1.V6.Test", "Tyuiu.DolgovIV.Sprint3.Task1.V6.Test\Tyuiu.DolgovIV.Sprint3.Task1.V6.Test.csproj", "{8265109A-ED0F-43DA-AC41-5FA3C64BB96D}"
EndProject
Project("{FAE04EC0-301F-11D3-BF4B-00C04F79EFBC}") = "Tyuiu.DolgovIV.Sprint3.Task1.V6.Lib", "Tyuiu.DolgovIV.Sprint3.Task1.V6.Lib\Tyuiu.DolgovIV.Sprint3.Task1.V6.Lib.csproj", "{0C3D63CF-5DE8-4918-9E20-52B9B52CD14F}"
EndProject
Project("{2150E333-8FDC-42A3-9474-1A3956D46DE8}") = "Task2", "Task2", "{9C13915A-ACBE-4C0A-808F-950B390F6401}"
EndProject
Project("{FAE04EC0-301F-11D3-BF4B-00C04F79EFBC}") = "Tyuiu.DolgovIV.Sprint3.Task2.V22.Lib", "Tyuiu.DolgovIV.Sprint3.Task2.V22.Lib\Tyuiu.DolgovIV.Sprint3.Task2.V22.Lib.csproj", "{99695345-BC0D-4AB8-B9CC-E6E917DBC545}"
EndProject
Project("{FAE04EC0-301F-11D3-BF4B-00C04F79EFBC}") = "Tyuiu.DolgovIV.Sprint3.Task2.V22.Test", "Tyuiu.DolgovIV.Sprint3.Task2.V22.Test\Tyuiu.DolgovIV.Sprint3.Task2.V22.Test.csproj", "{0C82CE6C-0A16-40E0-8260-38CC60D5FAB5}"
EndProject
Project("{FAE04EC0-301F-11D3-BF4B-00C04F79EFBC}") = "Tyuiu.DolgovIV.Sprint3.Task2.V22", "Tyuiu.DolgovIV.Sprint3.Task2.V22\Tyuiu.DolgovIV.Sprint3.Task2.V22.csproj", "{C5F7BDDB-9245-4ABA-9EBE-4A84641F9809}"
EndProject
Project("{2150E333-8FDC-42A3-9474-1A3956D46DE8}") = "Task3", "Task3", "{84422041-C5C5-422D-8F2F-FB3D33BEF523}"
EndProject
Project("{FAE04EC0-301F-11D3-BF4B-00C04F79EFBC}") = "Tyuiu.DolgovIV.Sprint3.Task3.V10", "Tyuiu.DolgovIV.Sprint3.Task3.V10\Tyuiu.DolgovIV.Sprint3.Task3.V10.csproj", "{028AB56A-0D1F-4214-9508-56621D6193AD}"
EndProject
Project("{FAE04EC0-301F-11D3-BF4B-00C04F79EFBC}") = "Tyuiu.DolgovIV.Sprint3.Task3.V10.Test", "Tyuiu.DolgovIV.Sprint3.Task3.V10.Test\Tyuiu.DolgovIV.Sprint3.Task3.V10.Test.csproj", "{ABD51A6B-6B40-4C92-9A62-54D8AD590268}"
EndProject
Project("{FAE04EC0-301F-11D3-BF4B-00C04F79EFBC}") = "Tyuiu.DolgovIV.Sprint3.Task3.V10.Lib", "Tyuiu.DolgovIV.Sprint3.Task3.V10.Lib\Tyuiu.DolgovIV.Sprint3.Task3.V10.Lib.csproj", "{0B24F813-8EFC-42BB-B59D-AC4B6030362C}"
EndProject
Project("{2150E333-8FDC-42A3-9474-1A3956D46DE8}") = "Task4", "Task4", "{6F872525-2A72-4628-8931-A2F540060BC9}"
EndProject
Project("{FAE04EC0-301F-11D3-BF4B-00C04F79EFBC}") = "Tyuiu.DolgovIV.Sprint3.Task4.V16.Lib", "Tyuiu.DolgovIV.Sprint3.Task4.V16.Lib\Tyuiu.DolgovIV.Sprint3.Task4.V16.Lib.csproj", "{329A8ADF-F83D-47B7-B3CF-23B57703BDA0}"
EndProject
Project("{FAE04EC0-301F-11D3-BF4B-00C04F79EFBC}") = "Tyuiu.DolgovIV.Sprint3.Task4.V16.Test", "Tyuiu.DolgovIV.Sprint3.Task4.V16.Test\Tyuiu.DolgovIV.Sprint3.Task4.V16.Test.csproj", "{B929458F-E3AE-4776-96B7-D5EEE2C59F1A}"
EndProject
Project("{FAE04EC0-301F-11D3-BF4B-00C04F79EFBC}") = "Tyuiu.DolgovIV.Sprint3.Task4.V16", "Tyuiu.DolgovIV.Sprint3.Task4.V16\Tyuiu.DolgovIV.Sprint3.Task4.V16.csproj", "{912AD0A2-60C0-4838-883C-78824AD94C91}"
EndProject
Project("{2150E333-8FDC-42A3-9474-1A3956D46DE8}") = "Task5", "Task5", "{11AF22A0-D669-4A56-AD7D-30092EDE58C5}"
EndProject
Project("{FAE04EC0-301F-11D3-BF4B-00C04F79EFBC}") = "Tyuiu.DolgovIV.Sprint3.Task5.V2", "Tyuiu.DolgovIV.Sprint3.Task5.V2\Tyuiu.DolgovIV.Sprint3.Task5.V2.csproj", "{E78C7BD0-5FB1-4F73-8C01-1A0187B7259E}"
EndProject
Project("{FAE04EC0-301F-11D3-BF4B-00C04F79EFBC}") = "Tyuiu.DolgovIV.Sprint3.Task5.V2.Test", "Tyuiu.DolgovIV.Sprint3.Task5.V2.Test\Tyuiu.DolgovIV.Sprint3.Task5.V2.Test.csproj", "{FB9C3A02-596C-461E-BD50-5BA9E85BFBD9}"
EndProject
Project("{FAE04EC0-301F-11D3-BF4B-00C04F79EFBC}") = "Tyuiu.DolgovIV.Sprint3.Task5.V2.Lib", "Tyuiu.DolgovIV.Sprint3.Task5.V2.Lib\Tyuiu.DolgovIV.Sprint3.Task5.V2.Lib.csproj", "{DECAF50B-CEC5-4369-AB5A-38CE199C476A}"
EndProject
Project("{2150E333-8FDC-42A3-9474-1A3956D46DE8}") = "Task6", "Task6", "{277EB6CD-DDF8-435A-9D2B-FC07D7515FAB}"
EndProject
Project("{FAE04EC0-301F-11D3-BF4B-00C04F79EFBC}") = "Tyuiu.DolgovIV.Sprint3.Task6.V7.Lib", "Tyuiu.DolgovIV.Sprint3.Task6.V7.Lib\Tyuiu.DolgovIV.Sprint3.Task6.V7.Lib.csproj", "{F94329F9-EAEC-46C9-A3E1-366CE3D13B0B}"
EndProject
Project("{FAE04EC0-301F-11D3-BF4B-00C04F79EFBC}") = "Tyuiu.DolgovIV.Sprint3.Task6.V7.Test", "Tyuiu.DolgovIV.Sprint3.Task6.V7.Test\Tyuiu.DolgovIV.Sprint3.Task6.V7.Test.csproj", "{BE1B3E3F-8C3A-413C-B151-F76E55C0DE18}"
EndProject
Project("{FAE04EC0-301F-11D3-BF4B-00C04F79EFBC}") = "Tyuiu.DolgovIV.Sprint3.Task6.V7", "Tyuiu.DolgovIV.Sprint3.Task6.V7\Tyuiu.DolgovIV.Sprint3.Task6.V7.csproj", "{F40C7D8F-11E1-4EF5-B050-36E9DDCB44DD}"
EndProject
Project("{2150E333-8FDC-42A3-9474-1A3956D46DE8}") = "Task7", "Task7", "{EDBB6D5A-76D7-4D25-8871-7F00437B65DF}"
EndProject
Project("{FAE04EC0-301F-11D3-BF4B-00C04F79EFBC}") = "Tyuiu.DolgovIV.Sprint3.Task7.V20.Lib", "Tyuiu.DolgovIV.Sprint3.Task7.V20.Lib\Tyuiu.DolgovIV.Sprint3.Task7.V20.Lib.csproj", "{DD0BB386-C08A-4883-913F-003317BA7B0D}"
EndProject
Project("{FAE04EC0-301F-11D3-BF4B-00C04F79EFBC}") = "Tyuiu.DolgovIV.Sprint3.Task7.V20.Test", "Tyuiu.DolgovIV.Sprint3.Task7.V20.Test\Tyuiu.DolgovIV.Sprint3.Task7.V20.Test.csproj", "{58A9651C-296C-4925-832C-07472FBECA93}"
EndProject
Project("{FAE04EC0-301F-11D3-BF4B-00C04F79EFBC}") = "Tyuiu.DolgovIV.Sprint3.Task7.V20", "Tyuiu.DolgovIV.Sprint3.Task7.V20\Tyuiu.DolgovIV.Sprint3.Task7.V20.csproj", "{CA3D3212-31AB-4B50-8BF8-F7B687E9EB9C}"
EndProject
Global
	GlobalSection(SolutionConfigurationPlatforms) = preSolution
		Debug|Any CPU = Debug|Any CPU
		Release|Any CPU = Release|Any CPU
	EndGlobalSection
	GlobalSection(ProjectConfigurationPlatforms) = postSolution
		{622B3AEF-4524-4F16-8AF0-DD61C0A4A4D2}.Debug|Any CPU.ActiveCfg = Debug|Any CPU
		{622B3AEF-4524-4F16-8AF0-DD61C0A4A4D2}.Debug|Any CPU.Build.0 = Debug|Any CPU
		{622B3AEF-4524-4F16-8AF0-DD61C0A4A4D2}.Release|Any CPU.ActiveCfg = Release|Any CPU
		{622B3AEF-4524-4F16-8AF0-DD61C0A4A4D2}.Release|Any CPU.Build.0 = Release|Any CPU
		{9D51BEE6-AE67-4A9E-82C0-42024DDA5B02}.Debug|Any CPU.ActiveCfg = Debug|Any CPU
		{9D51BEE6-AE67-4A9E-82C0-42024DDA5B02}.Debug|Any CPU.Build.0 = Debug|Any CPU
		{9D51BEE6-AE67-4A9E-82C0-42024DDA5B02}.Release|Any CPU.ActiveCfg = Release|Any CPU
		{9D51BEE6-AE67-4A9E-82C0-42024DDA5B02}.Release|Any CPU.Build.0 = Release|Any CPU
		{3244DB87-9FCE-45C7-85BF-AAD31F8190B7}.Debug|Any CPU.ActiveCfg = Debug|Any CPU
		{3244DB87-9FCE-45C7-85BF-AAD31F8190B7}.Debug|Any CPU.Build.0 = Debug|Any CPU
		{3244DB87-9FCE-45C7-85BF-AAD31F8190B7}.Release|Any CPU.ActiveCfg = Release|Any CPU
		{3244DB87-9FCE-45C7-85BF-AAD31F8190B7}.Release|Any CPU.Build.0 = Release|Any CPU
		{331C65FA-6568-430F-BEB7-17E2E7916498}.Debug|Any CPU.ActiveCfg = Debug|Any CPU
		{331C65FA-6568-430F-BEB7-17E2E7916498}.Debug|Any CPU.Build.0 = Debug|Any CPU
		{331C65FA-6568-430F-BEB7-17E2E7916498}.Release|Any CPU.ActiveCfg = Release|Any CPU
		{331C65FA-6568-430F-BEB7-17E2E7916498}.Release|Any CPU.Build.0 = Release|Any CPU
		{8265109A-ED0F-43DA-AC41-5FA3C64BB96D}.Debug|Any CPU.ActiveCfg = Debug|Any CPU
		{8265109A-ED0F-43DA-AC41-5FA3C64BB96D}.Debug|Any CPU.Build.0 = Debug|Any CPU
		{8265109A-ED0F-43DA-AC41-5FA3C64BB96D}.Release|Any CPU.ActiveCfg = Release|Any CPU
		{8265109A-ED0F-43DA-AC41-5FA3C64BB96D}.Release|Any CPU.Build.0 = Release|Any CPU
		{0C3D63CF-5DE8-4918-9E20-52B9B52CD14F}.Debug|Any CPU.ActiveCfg = Debug|Any CPU
		{0C3D63CF-5DE8-4918-9E20-52B9B52CD14F}.Debug|Any CPU.Build.0 = Debug|Any CPU
		{0C3D63CF-5DE8-4918-9E20-52B9B52CD14F}.Release|Any CPU.ActiveCfg = Release|Any CPU
		{0C3D63CF-5DE8-4918-9E20-52B9B52CD14F}.Release|Any CPU.Build.0 = Release|Any CPU
		{99695345-BC0D-4AB8-B9CC-E6E917DBC545}.Debug|Any CPU.ActiveCfg = Debug|Any CPU
		{99695345-BC0D-4AB8-B9CC-E6E917DBC545}.Debug|Any CPU.Build.0 = Debug|Any CPU
		{99695345-BC0D-4AB8-B9CC-E6E917DBC545}.Release|Any CPU.ActiveCfg = Release|Any CPU
		{99695345-BC0D-4AB8-B9CC-E6E917DBC545}.Release|Any CPU.Build.0 = Release|Any CPU
		{0C82CE6C-0A16-40E0-8260-38CC60D5FAB5}.Debug|Any CPU.ActiveCfg = Debug|Any CPU
		{0C82CE6C-0A16-40E0-8260-38CC60D5FAB5}.Debug|Any CPU.Build.0 = Debug|Any CPU
		{0C82CE6C-0A16-40E0-8260-38CC60D5FAB5}.Release|Any CPU.ActiveCfg = Release|Any CPU
		{0C82CE6C-0A16-40E0-8260-38CC60D5FAB5}.Release|Any CPU.Build.0 = Release|Any CPU
		{C5F7BDDB-9245-4ABA-9EBE-4A84641F9809}.Debug|Any CPU.ActiveCfg = Debug|Any CPU
		{C5F7BDDB-9245-4ABA-9EBE-4A84641F9809}.Debug|Any CPU.Build.0 = Debug|Any CPU
		{C5F7BDDB-9245-4ABA-9EBE-4A84641F9809}.Release|Any CPU.ActiveCfg = Release|Any CPU
		{C5F7BDDB-9245-4ABA-9EBE-4A84641F9809}.Release|Any CPU.Build.0 = Release|Any CPU
		{028AB56A-0D1F-4214-9508-56621D6193AD}.Debug|Any CPU.ActiveCfg = Debug|Any CPU
		{028AB56A-0D1F-4214-9508-56621D6193AD}.Debug|Any CPU.Build.0 = Debug|Any CPU
		{028AB56A-0D1F-4214-9508-56621D6193AD}.Release|Any CPU.ActiveCfg = Release|Any CPU
		{028AB56A-0D1F-4214-9508-56621D6193AD}.Release|Any CPU.Build.0 = Release|Any CPU
		{ABD51A6B-6B40-4C92-9A62-54D8AD590268}.Debug|Any CPU.ActiveCfg = Debug|Any CPU
		{ABD51A6B-6B40-4C92-9A62-54D8AD590268}.Debug|Any CPU.Build.0 = Debug|Any CPU
		{ABD51A6B-6B40-4C92-9A62-54D8AD590268}.Release|Any CPU.ActiveCfg = Release|Any CPU
		{ABD51A6B-6B40-4C92-9A62-54D8AD590268}.Release|Any CPU.Build.0 = Release|Any CPU
		{0B24F813-8EFC-42BB-B59D-AC4B6030362C}.Debug|Any CPU.ActiveCfg = Debug|Any CPU
		{0B24F813-8EFC-42BB-B59D-AC4B6030362C}.Debug|Any CPU.Build.0 = Debug|Any CPU
		{0B24F813-8EFC-42BB-B59D-AC4B6030362C}.Release|Any CPU.ActiveCfg = Release|Any CPU
		{0B24F813-8EFC-42BB-B59D-AC4B6030362C}.Release|Any CPU.Build.0 = Release|Any CPU
		{329A8ADF-F83D-47B7-B3CF-23B57703BDA0}.Debug|Any CPU.ActiveCfg = Debug|Any CPU
		{329A8ADF-F83D-47B7-B3CF-23B57703BDA0}.Debug|Any CPU.Build.0 = Debug|Any CPU
		{329A8ADF-F83D-47B7-B3CF-23B57703BDA0}.Release|Any CPU.ActiveCfg = Release|Any CPU
		{329A8ADF-F83D-47B7-B3CF-23B57703BDA0}.Release|Any CPU.Build.0 = Release|Any CPU
		{B929458F-E3AE-4776-96B7-D5EEE2C59F1A}.Debug|Any CPU.ActiveCfg = Debug|Any CPU
		{B929458F-E3AE-4776-96B7-D5EEE2C59F1A}.Debug|Any CPU.Build.0 = Debug|Any CPU
		{B929458F-E3AE-4776-96B7-D5EEE2C59F1A}.Release|Any CPU.ActiveCfg = Release|Any CPU
		{B929458F-E3AE-4776-96B7-D5EEE2C59F1A}.Release|Any CPU.Build.0 = Release|Any CPU
		{912AD0A2-60C0-4838-883C-78824AD94C91}.Debug|Any CPU.ActiveCfg = Debug|Any CPU
		{912AD0A2-60C0-4838-883C-78824AD94C91}.Debug|Any CPU.Build.0 = Debug|Any CPU
		{912AD0A2-60C0-4838-883C-78824AD94C91}.Release|Any CPU.ActiveCfg = Release|Any CPU
		{912AD0A2-60C0-4838-883C-78824AD94C91}.Release|Any CPU.Build.0 = Release|Any CPU
		{E78C7BD0-5FB1-4F73-8C01-1A0187B7259E}.Debug|Any CPU.ActiveCfg = Debug|Any CPU
		{E78C7BD0-5FB1-4F73-8C01-1A0187B7259E}.Debug|Any CPU.Build.0 = Debug|Any CPU
		{E78C7BD0-5FB1-4F73-8C01-1A0187B7259E}.Release|Any CPU.ActiveCfg = Release|Any CPU
		{E78C7BD0-5FB1-4F73-8C01-1A0187B7259E}.Release|Any CPU.Build.0 = Release|Any CPU
		{FB9C3A02-596C-461E-BD50-5BA9E85BFBD9}.Debug|Any CPU.ActiveCfg = Debug|Any CPU
		{FB9C3A02-596C-461E-BD50-5BA9E85BFBD9}.Debug|Any CPU.Build.0 = Debug|Any CPU
		{FB9C3A02-596C-461E-BD50-5BA9E85BFBD9}.Release|Any CPU.ActiveCfg = Release|Any CPU
		{FB9C3A02-596C-461E-BD50-5BA9E85BFBD9}.Release|Any CPU.Build.0 = Release|Any CPU
		{DECAF50B-CEC5-4369-AB5A-38CE199C476A}.Debug|Any CPU.ActiveCfg = Debug|Any CPU
		{DECAF50B-CEC5-4369-AB5A-38CE199C476A}.Debug|Any CPU.Build.0 = Debug|Any CPU
		{DECAF50B-CEC5-4369-AB5A-38CE199C476A}.Release|Any CPU.ActiveCfg = Release|Any CPU
		{DECAF50B-CEC5-4369-AB5A-38CE199C476A}.Release|Any CPU.Build.0 = Release|Any CPU
		{F94329F9-EAEC-46C9-A3E1-366CE3D13B0B}.Debug|Any CPU.ActiveCfg = Debug|Any CPU
		{F94329F9-EAEC-46C9-A3E1-366CE3D13B0B}.Debug|Any CPU.Build.0 = Debug|Any CPU
		{F94329F9-EAEC-46C9-A3E1-366CE3D13B0B}.Release|Any CPU.ActiveCfg = Release|Any CPU
		{F94329F9-EAEC-46C9-A3E1-366CE3D13B0B}.Release|Any CPU.Build.0 = Release|Any CPU
		{BE1B3E3F-8C3A-413C-B151-F76E55C0DE18}.Debug|Any CPU.ActiveCfg = Debug|Any CPU
		{BE1B3E3F-8C3A-413C-B151-F76E55C0DE18}.Debug|Any CPU.Build.0 = Debug|Any CPU
		{BE1B3E3F-8C3A-413C-B151-F76E55C0DE18}.Release|Any CPU.ActiveCfg = Release|Any CPU
		{BE1B3E3F-8C3A-413C-B151-F76E55C0DE18}.Release|Any CPU.Build.0 = Release|Any CPU
		{F40C7D8F-11E1-4EF5-B050-36E9DDCB44DD}.Debug|Any CPU.ActiveCfg = Debug|Any CPU
		{F40C7D8F-11E1-4EF5-B050-36E9DDCB44DD}.Debug|Any CPU.Build.0 = Debug|Any CPU
		{F40C7D8F-11E1-4EF5-B050-36E9DDCB44DD}.Release|Any CPU.ActiveCfg = Release|Any CPU
		{F40C7D8F-11E1-4EF5-B050-36E9DDCB44DD}.Release|Any CPU.Build.0 = Release|Any CPU
		{DD0BB386-C08A-4883-913F-003317BA7B0D}.Debug|Any CPU.ActiveCfg = Debug|Any CPU
		{DD0BB386-C08A-4883-913F-003317BA7B0D}.Debug|Any CPU.Build.0 = Debug|Any CPU
		{DD0BB386-C08A-4883-913F-003317BA7B0D}.Release|Any CPU.ActiveCfg = Release|Any CPU
		{DD0BB386-C08A-4883-913F-003317BA7B0D}.Release|Any CPU.Build.0 = Release|Any CPU
		{58A9651C-296C-4925-832C-07472FBECA93}.Debug|Any CPU.ActiveCfg = Debug|Any CPU
		{58A9651C-296C-4925-832C-07472FBECA93}.Debug|Any CPU.Build.0 = Debug|Any CPU
		{58A9651C-296C-4925-832C-07472FBECA93}.Release|Any CPU.ActiveCfg = Release|Any CPU
		{58A9651C-296C-4925-832C-07472FBECA93}.Release|Any CPU.Build.0 = Release|Any CPU
		{CA3D3212-31AB-4B50-8BF8-F7B687E9EB9C}.Debug|Any CPU.ActiveCfg = Debug|Any CPU
		{CA3D3212-31AB-4B50-8BF8-F7B687E9EB9C}.Debug|Any CPU.Build.0 = Debug|Any CPU
		{CA3D3212-31AB-4B50-8BF8-F7B687E9EB9C}.Release|Any CPU.ActiveCfg = Release|Any CPU
		{CA3D3212-31AB-4B50-8BF8-F7B687E9EB9C}.Release|Any CPU.Build.0 = Release|Any CPU
	EndGlobalSection
	GlobalSection(SolutionProperties) = preSolution
		HideSolutionNode = FALSE
	EndGlobalSection
	GlobalSection(NestedProjects) = preSolution
		{622B3AEF-4524-4F16-8AF0-DD61C0A4A4D2} = {36D591C7-65C7-A0D1-1CBC-10CDE441BDC8}
		{9D51BEE6-AE67-4A9E-82C0-42024DDA5B02} = {36D591C7-65C7-A0D1-1CBC-10CDE441BDC8}
		{3244DB87-9FCE-45C7-85BF-AAD31F8190B7} = {36D591C7-65C7-A0D1-1CBC-10CDE441BDC8}
		{331C65FA-6568-430F-BEB7-17E2E7916498} = {B9A44F7B-C6F6-49C9-A9EF-6D1D3611D417}
		{8265109A-ED0F-43DA-AC41-5FA3C64BB96D} = {B9A44F7B-C6F6-49C9-A9EF-6D1D3611D417}
		{0C3D63CF-5DE8-4918-9E20-52B9B52CD14F} = {B9A44F7B-C6F6-49C9-A9EF-6D1D3611D417}
		{99695345-BC0D-4AB8-B9CC-E6E917DBC545} = {9C13915A-ACBE-4C0A-808F-950B390F6401}
		{0C82CE6C-0A16-40E0-8260-38CC60D5FAB5} = {9C13915A-ACBE-4C0A-808F-950B390F6401}
		{C5F7BDDB-9245-4ABA-9EBE-4A84641F9809} = {9C13915A-ACBE-4C0A-808F-950B390F6401}
		{028AB56A-0D1F-4214-9508-56621D6193AD} = {84422041-C5C5-422D-8F2F-FB3D33BEF523}
		{ABD51A6B-6B40-4C92-9A62-54D8AD590268} = {84422041-C5C5-422D-8F2F-FB3D33BEF523}
		{0B24F813-8EFC-42BB-B59D-AC4B6030362C} = {84422041-C5C5-422D-8F2F-FB3D33BEF523}
		{329A8ADF-F83D-47B7-B3CF-23B57703BDA0} = {6F872525-2A72-4628-8931-A2F540060BC9}
		{B929458F-E3AE-4776-96B7-D5EEE2C59F1A} = {6F872525-2A72-4628-8931-A2F540060BC9}
		{912AD0A2-60C0-4838-883C-78824AD94C91} = {6F872525-2A72-4628-8931-A2F540060BC9}
		{E78C7BD0-5FB1-4F73-8C01-1A0187B7259E} = {11AF22A0-D669-4A56-AD7D-30092EDE58C5}
		{FB9C3A02-596C-461E-BD50-5BA9E85BFBD9} = {11AF22A0-D669-4A56-AD7D-30092EDE58C5}
		{DECAF50B-CEC5-4369-AB5A-38CE199C476A} = {11AF22A0-D669-4A56-AD7D-30092EDE58C5}
		{F94329F9-EAEC-46C9-A3E1-366CE3D13B0B} = {277EB6CD-DDF8-435A-9D2B-FC07D7515FAB}
		{BE1B3E3F-8C3A-413C-B151-F76E55C0DE18} = {277EB6CD-DDF8-435A-9D2B-FC07D7515FAB}
		{F40C7D8F-11E1-4EF5-B050-36E9DDCB44DD} = {277EB6CD-DDF8-435A-9D2B-FC07D7515FAB}
		{DD0BB386-C08A-4883-913F-003317BA7B0D} = {EDBB6D5A-76D7-4D25-8871-7F00437B65DF}
		{58A9651C-296C-4925-832C-07472FBECA93} = {EDBB6D5A-76D7-4D25-8871-7F00437B65DF}
		{CA3D3212-31AB-4B50-8BF8-F7B687E9EB9C} = {EDBB6D5A-76D7-4D25-8871-7F00437B65DF}
	EndGlobalSection
	GlobalSection(ExtensibilityGlobals) = postSolution
		SolutionGuid = {F2A21A8A-5CCF-407C-B01B-1BBDE36A09A9}
	EndGlobalSection
EndGlobal
